{
  "object": {
    "pins": [
      {
        "package": "Actomaton",
        "repositoryURL": "https://github.com/inamiy/Actomaton",
        "state": {
          "branch": "main",
          "revision": "df2585ff6e2aa1d4607c7c41a3ffd11b2d4c8a87",
          "version": null
        }
      },
      {
        "package": "OrientationKit",
        "repositoryURL": "https://github.com/inamiy/OrientationKit",
        "state": {
          "branch": null,
          "revision": "491927e9cc835c0fcc7eac349c0245024f5d8579",
          "version": "0.1.0"
        }
      },
      {
        "package": "swift-case-paths",
        "repositoryURL": "https://github.com/pointfreeco/swift-case-paths",
        "state": {
          "branch": null,
          "revision": "241301b67d8551c26d8f09bd2c0e52cc49f18007",
          "version": "0.8.0"
        }
      },
      {
        "package": "swift-custom-dump",
        "repositoryURL": "https://github.com/pointfreeco/swift-custom-dump",
        "state": {
          "branch": null,
          "revision": "51698ece74ecf31959d3fa81733f0a5363ef1b4e",
          "version": "0.3.0"
        }
      },
      {
        "package": "SwiftUI-PhotoPicker",
        "repositoryURL": "https://github.com/inamiy/SwiftUI-PhotoPicker",
        "state": {
          "branch": "main",
          "revision": "7fa6cc560e9c48dca41de152686ebd572eb88edf",
          "version": null
        }
      },
      {
        "package": "VectorMath",
        "repositoryURL": "https://github.com/nicklockwood/VectorMath",
        "state": {
          "branch": null,
          "revision": "2de2585f455dc8e15d642ca51b29b1917e68fd1e",
          "version": "0.4.1"
        }
      },
      {
        "package": "xctest-dynamic-overlay",
        "repositoryURL": "https://github.com/pointfreeco/xctest-dynamic-overlay",
        "state": {
          "branch": null,
          "revision": "50a70a9d3583fe228ce672e8923010c8df2deddd",
          "version": "0.2.1"
        }
      }
    ]
  },
  "version": 1
}
