{
  "object": {
    "pins": [
      {
        "package": "Actomaton",
        "repositoryURL": "https://github.com/inamiy/Actomaton",
        "state": {
          "branch": "main",
          "revision": "4a95e63c45f067fed357bb3f26ee23d26f7b6390",
          "version": null
        }
      },
      {
        "package": "OrientationKit",
        "repositoryURL": "https://github.com/inamiy/OrientationKit",
        "state": {
          "branch": null,
          "revision": "491927e9cc835c0fcc7eac349c0245024f5d8579",
          "version": "0.1.0"
        }
      },
      {
        "package": "swift-case-paths",
        "repositoryURL": "https://github.com/pointfreeco/swift-case-paths",
        "state": {
          "branch": null,
          "revision": "d226d167bd4a68b51e352af5655c92bce8ee0463",
          "version": "0.7.0"
        }
      },
      {
        "package": "SwiftUI-PhotoPicker",
        "repositoryURL": "https://github.com/inamiy/SwiftUI-PhotoPicker",
        "state": {
          "branch": "main",
          "revision": "7fa6cc560e9c48dca41de152686ebd572eb88edf",
          "version": null
        }
      },
      {
        "package": "VectorMath",
        "repositoryURL": "https://github.com/nicklockwood/VectorMath",
        "state": {
          "branch": null,
          "revision": "2de2585f455dc8e15d642ca51b29b1917e68fd1e",
          "version": "0.4.1"
        }
      }
    ]
  },
  "version": 1
}
