{
  "object": {
    "pins": [
      {
        "package": "Actomaton",
        "repositoryURL": "https://github.com/inamiy/Actomaton",
        "state": {
          "branch": "main",
          "revision": "cd5fb484c876a3cb4c09a955728c9589f468580a",
          "version": null
        }
      },
      {
        "package": "swift-case-paths",
        "repositoryURL": "https://github.com/pointfreeco/swift-case-paths",
        "state": {
          "branch": null,
          "revision": "d226d167bd4a68b51e352af5655c92bce8ee0463",
          "version": "0.7.0"
        }
      }
    ]
  },
  "version": 1
}
