{
  "object": {
    "pins": [
      {
        "package": "Actomaton",
        "repositoryURL": "https://github.com/Actomaton/Actomaton",
        "state": {
          "branch": null,
          "revision": "e51e5ea17f3fb31f4d98eaab1d044f33d4c02386",
          "version": "0.8.0"
        }
      },
      {
        "package": "swift-case-paths",
        "repositoryURL": "https://github.com/pointfreeco/swift-case-paths",
        "state": {
          "branch": null,
          "revision": "fc45e7b2cfece9dd80b5a45e6469ffe67fe67984",
          "version": "0.14.1"
        }
      },
      {
        "package": "swift-custom-dump",
        "repositoryURL": "https://github.com/pointfreeco/swift-custom-dump",
        "state": {
          "branch": null,
          "revision": "0a5bff05fe01dcd513932ed338a4efad8268b803",
          "version": "0.11.2"
        }
      },
      {
        "package": "xctest-dynamic-overlay",
        "repositoryURL": "https://github.com/pointfreeco/xctest-dynamic-overlay",
        "state": {
          "branch": null,
          "revision": "50843cbb8551db836adec2290bb4bc6bac5c1865",
          "version": "0.9.0"
        }
      }
    ]
  },
  "version": 1
}
