// !$*UTF8*$!
{
	archiveVersion = 1;
	classes = {
	};
	objectVersion = 55;
	objects = {

/* Begin PBXBuildFile section */
		331E1FE126ED20A000719530 /* TestAppView.swift in Sources */ = {isa = PBXBuildFile; fileRef = 331E1FE026ED20A000719530 /* TestAppView.swift */; };
		332642E726E4056F00438A10 /* DemoApp.swift in Sources */ = {isa = PBXBuildFile; fileRef = 332642E226E4056F00438A10 /* DemoApp.swift */; };
		3326431B26E4057D00438A10 /* Root.swift in Sources */ = {isa = PBXBuildFile; fileRef = 332642F226E4057D00438A10 /* Root.swift */; };
		3326431C26E4057D00438A10 /* RootView.swift in Sources */ = {isa = PBXBuildFile; fileRef = 332642F326E4057D00438A10 /* RootView.swift */; };
		3326432826E4057D00438A10 /* Root.State.Current.swift in Sources */ = {isa = PBXBuildFile; fileRef = 3326430226E4057D00438A10 /* Root.State.Current.swift */; };
		3326433426E4057D00438A10 /* SwiftUI+Helper.swift in Sources */ = {isa = PBXBuildFile; fileRef = 3326431226E4057D00438A10 /* SwiftUI+Helper.swift */; };
		3326433E26E4094200438A10 /* AppView.swift in Sources */ = {isa = PBXBuildFile; fileRef = 3326433C26E4094200438A10 /* AppView.swift */; };
		3326433F26E4094200438A10 /* RootEnvironment.swift in Sources */ = {isa = PBXBuildFile; fileRef = 3326433D26E4094200438A10 /* RootEnvironment.swift */; };
		3341066126EC80590032CEDA /* Example.swift in Sources */ = {isa = PBXBuildFile; fileRef = 3341065926EC80590032CEDA /* Example.swift */; };
		3341066226EC80590032CEDA /* StopwatchExample.swift in Sources */ = {isa = PBXBuildFile; fileRef = 3341065B26EC80590032CEDA /* StopwatchExample.swift */; };
		3341066326EC80590032CEDA /* GitHubExample.swift in Sources */ = {isa = PBXBuildFile; fileRef = 3341065C26EC80590032CEDA /* GitHubExample.swift */; };
		3341066426EC80590032CEDA /* CounterExample.swift in Sources */ = {isa = PBXBuildFile; fileRef = 3341065D26EC80590032CEDA /* CounterExample.swift */; };
		3341066526EC80590032CEDA /* StateDiagramExample.swift in Sources */ = {isa = PBXBuildFile; fileRef = 3341065E26EC80590032CEDA /* StateDiagramExample.swift */; };
		3341066626EC80590032CEDA /* TodoExample.swift in Sources */ = {isa = PBXBuildFile; fileRef = 3341065F26EC80590032CEDA /* TodoExample.swift */; };
		3341066726EC80590032CEDA /* ExampleList.swift in Sources */ = {isa = PBXBuildFile; fileRef = 3341066026EC80590032CEDA /* ExampleList.swift */; };
		338DC23326FC508500C38587 /* ColorFilterExample.swift in Sources */ = {isa = PBXBuildFile; fileRef = 338DC23226FC508500C38587 /* ColorFilterExample.swift */; };
		339F821026FA23E3006809CE /* VideoDetectorExample.swift in Sources */ = {isa = PBXBuildFile; fileRef = 339F820F26FA23E3006809CE /* VideoDetectorExample.swift */; };
		339F821B26FA3A37006809CE /* Gallery in Frameworks */ = {isa = PBXBuildFile; productRef = 339F821A26FA3A37006809CE /* Gallery */; };
		33C8526426ECF13400F3EB94 /* GameOfLifeExample.swift in Sources */ = {isa = PBXBuildFile; fileRef = 33C8526326ECF13400F3EB94 /* GameOfLifeExample.swift */; };
		33E8F81F26E3B375009CC65D /* Assets.xcassets in Resources */ = {isa = PBXBuildFile; fileRef = 33E8F81E26E3B375009CC65D /* Assets.xcassets */; };
		33E8F82226E3B375009CC65D /* Preview Assets.xcassets in Resources */ = {isa = PBXBuildFile; fileRef = 33E8F82126E3B375009CC65D /* Preview Assets.xcassets */; };
/* End PBXBuildFile section */

/* Begin PBXFileReference section */
		331E1FE026ED20A000719530 /* TestAppView.swift */ = {isa = PBXFileReference; lastKnownFileType = sourcecode.swift; path = TestAppView.swift; sourceTree = "<group>"; };
		332642E226E4056F00438A10 /* DemoApp.swift */ = {isa = PBXFileReference; fileEncoding = 4; lastKnownFileType = sourcecode.swift; path = DemoApp.swift; sourceTree = "<group>"; };
		332642F226E4057D00438A10 /* Root.swift */ = {isa = PBXFileReference; fileEncoding = 4; lastKnownFileType = sourcecode.swift; path = Root.swift; sourceTree = "<group>"; };
		332642F326E4057D00438A10 /* RootView.swift */ = {isa = PBXFileReference; fileEncoding = 4; lastKnownFileType = sourcecode.swift; path = RootView.swift; sourceTree = "<group>"; };
		3326430226E4057D00438A10 /* Root.State.Current.swift */ = {isa = PBXFileReference; fileEncoding = 4; lastKnownFileType = sourcecode.swift; path = Root.State.Current.swift; sourceTree = "<group>"; };
		3326431226E4057D00438A10 /* SwiftUI+Helper.swift */ = {isa = PBXFileReference; fileEncoding = 4; lastKnownFileType = sourcecode.swift; path = "SwiftUI+Helper.swift"; sourceTree = "<group>"; };
		3326433C26E4094200438A10 /* AppView.swift */ = {isa = PBXFileReference; fileEncoding = 4; lastKnownFileType = sourcecode.swift; path = AppView.swift; sourceTree = "<group>"; };
		3326433D26E4094200438A10 /* RootEnvironment.swift */ = {isa = PBXFileReference; fileEncoding = 4; lastKnownFileType = sourcecode.swift; path = RootEnvironment.swift; sourceTree = "<group>"; };
		3341065926EC80590032CEDA /* Example.swift */ = {isa = PBXFileReference; fileEncoding = 4; lastKnownFileType = sourcecode.swift; path = Example.swift; sourceTree = "<group>"; };
		3341065B26EC80590032CEDA /* StopwatchExample.swift */ = {isa = PBXFileReference; fileEncoding = 4; lastKnownFileType = sourcecode.swift; path = StopwatchExample.swift; sourceTree = "<group>"; };
		3341065C26EC80590032CEDA /* GitHubExample.swift */ = {isa = PBXFileReference; fileEncoding = 4; lastKnownFileType = sourcecode.swift; path = GitHubExample.swift; sourceTree = "<group>"; };
		3341065D26EC80590032CEDA /* CounterExample.swift */ = {isa = PBXFileReference; fileEncoding = 4; lastKnownFileType = sourcecode.swift; path = CounterExample.swift; sourceTree = "<group>"; };
		3341065E26EC80590032CEDA /* StateDiagramExample.swift */ = {isa = PBXFileReference; fileEncoding = 4; lastKnownFileType = sourcecode.swift; path = StateDiagramExample.swift; sourceTree = "<group>"; };
		3341065F26EC80590032CEDA /* TodoExample.swift */ = {isa = PBXFileReference; fileEncoding = 4; lastKnownFileType = sourcecode.swift; path = TodoExample.swift; sourceTree = "<group>"; };
		3341066026EC80590032CEDA /* ExampleList.swift */ = {isa = PBXFileReference; fileEncoding = 4; lastKnownFileType = sourcecode.swift; path = ExampleList.swift; sourceTree = "<group>"; };
		338DC23226FC508500C38587 /* ColorFilterExample.swift */ = {isa = PBXFileReference; fileEncoding = 4; lastKnownFileType = sourcecode.swift; path = ColorFilterExample.swift; sourceTree = "<group>"; };
		339F820F26FA23E3006809CE /* VideoDetectorExample.swift */ = {isa = PBXFileReference; lastKnownFileType = sourcecode.swift; path = VideoDetectorExample.swift; sourceTree = "<group>"; };
		339F821726FA399B006809CE /* Actomaton-Gallery */ = {isa = PBXFileReference; lastKnownFileType = folder; name = "Actomaton-Gallery"; path = ../..; sourceTree = "<group>"; };
		33C8526326ECF13400F3EB94 /* GameOfLifeExample.swift */ = {isa = PBXFileReference; fileEncoding = 4; lastKnownFileType = sourcecode.swift; path = GameOfLifeExample.swift; sourceTree = "<group>"; };
		33E8F81726E3B374009CC65D /* Actomaton-Gallery.app */ = {isa = PBXFileReference; explicitFileType = wrapper.application; includeInIndex = 0; path = "Actomaton-Gallery.app"; sourceTree = BUILT_PRODUCTS_DIR; };
		33E8F81E26E3B375009CC65D /* Assets.xcassets */ = {isa = PBXFileReference; lastKnownFileType = folder.assetcatalog; path = Assets.xcassets; sourceTree = "<group>"; };
		33E8F82126E3B375009CC65D /* Preview Assets.xcassets */ = {isa = PBXFileReference; lastKnownFileType = folder.assetcatalog; path = "Preview Assets.xcassets"; sourceTree = "<group>"; };
/* End PBXFileReference section */

/* Begin PBXFrameworksBuildPhase section */
		33E8F81426E3B374009CC65D /* Frameworks */ = {
			isa = PBXFrameworksBuildPhase;
			buildActionMask = 2147483647;
			files = (
				339F821B26FA3A37006809CE /* Gallery in Frameworks */,
			);
			runOnlyForDeploymentPostprocessing = 0;
		};
/* End PBXFrameworksBuildPhase section */

/* Begin PBXGroup section */
		3326430F26E4057D00438A10 /* Utilities */ = {
			isa = PBXGroup;
			children = (
				3326431226E4057D00438A10 /* SwiftUI+Helper.swift */,
			);
			path = Utilities;
			sourceTree = "<group>";
		};
		3326433926E405F800438A10 /* Root */ = {
			isa = PBXGroup;
			children = (
				3341065826EC80590032CEDA /* ExampleList */,
				332642F226E4057D00438A10 /* Root.swift */,
				3326430226E4057D00438A10 /* Root.State.Current.swift */,
				3326433D26E4094200438A10 /* RootEnvironment.swift */,
				332642F326E4057D00438A10 /* RootView.swift */,
			);
			path = Root;
			sourceTree = "<group>";
		};
		3341065826EC80590032CEDA /* ExampleList */ = {
			isa = PBXGroup;
			children = (
				3341065926EC80590032CEDA /* Example.swift */,
				3341066026EC80590032CEDA /* ExampleList.swift */,
				3341065A26EC80590032CEDA /* Examples */,
			);
			path = ExampleList;
			sourceTree = "<group>";
		};
		3341065A26EC80590032CEDA /* Examples */ = {
			isa = PBXGroup;
			children = (
				3341065D26EC80590032CEDA /* CounterExample.swift */,
				338DC23226FC508500C38587 /* ColorFilterExample.swift */,
				3341065F26EC80590032CEDA /* TodoExample.swift */,
				3341065E26EC80590032CEDA /* StateDiagramExample.swift */,
				3341065B26EC80590032CEDA /* StopwatchExample.swift */,
				3341065C26EC80590032CEDA /* GitHubExample.swift */,
				33C8526326ECF13400F3EB94 /* GameOfLifeExample.swift */,
				339F820F26FA23E3006809CE /* VideoDetectorExample.swift */,
			);
			path = Examples;
			sourceTree = "<group>";
		};
		33E8F80E26E3B374009CC65D = {
			isa = PBXGroup;
			children = (
				339F821726FA399B006809CE /* Actomaton-Gallery */,
				33E8F81926E3B374009CC65D /* Actomaton-Gallery */,
				33E8F81826E3B374009CC65D /* Products */,
				33E8F83026E3B43C009CC65D /* Frameworks */,
			);
			sourceTree = "<group>";
		};
		33E8F81826E3B374009CC65D /* Products */ = {
			isa = PBXGroup;
			children = (
				33E8F81726E3B374009CC65D /* Actomaton-Gallery.app */,
			);
			name = Products;
			sourceTree = "<group>";
		};
		33E8F81926E3B374009CC65D /* Actomaton-Gallery */ = {
			isa = PBXGroup;
			children = (
				332642E226E4056F00438A10 /* DemoApp.swift */,
				3326433C26E4094200438A10 /* AppView.swift */,
				331E1FE026ED20A000719530 /* TestAppView.swift */,
				3326433926E405F800438A10 /* Root */,
				3326430F26E4057D00438A10 /* Utilities */,
				33E8F81E26E3B375009CC65D /* Assets.xcassets */,
				33E8F82026E3B375009CC65D /* Preview Content */,
			);
			path = "Actomaton-Gallery";
			sourceTree = "<group>";
		};
		33E8F82026E3B375009CC65D /* Preview Content */ = {
			isa = PBXGroup;
			children = (
				33E8F82126E3B375009CC65D /* Preview Assets.xcassets */,
			);
			path = "Preview Content";
			sourceTree = "<group>";
		};
		33E8F83026E3B43C009CC65D /* Frameworks */ = {
			isa = PBXGroup;
			children = (
			);
			name = Frameworks;
			sourceTree = "<group>";
		};
/* End PBXGroup section */

/* Begin PBXNativeTarget section */
		33E8F81626E3B374009CC65D /* Actomaton-Gallery */ = {
			isa = PBXNativeTarget;
			buildConfigurationList = 33E8F82526E3B375009CC65D /* Build configuration list for PBXNativeTarget "Actomaton-Gallery" */;
			buildPhases = (
				33E8F81326E3B374009CC65D /* Sources */,
				33E8F81426E3B374009CC65D /* Frameworks */,
				33E8F81526E3B374009CC65D /* Resources */,
			);
			buildRules = (
			);
			dependencies = (
			);
			name = "Actomaton-Gallery";
			packageProductDependencies = (
				339F821A26FA3A37006809CE /* Gallery */,
			);
			productName = "Actomaton-Gallery";
			productReference = 33E8F81726E3B374009CC65D /* Actomaton-Gallery.app */;
			productType = "com.apple.product-type.application";
		};
/* End PBXNativeTarget section */

/* Begin PBXProject section */
		33E8F80F26E3B374009CC65D /* Project object */ = {
			isa = PBXProject;
			attributes = {
				BuildIndependentTargetsInParallel = 1;
				LastSwiftUpdateCheck = 1300;
				LastUpgradeCheck = 1300;
				TargetAttributes = {
					33E8F81626E3B374009CC65D = {
						CreatedOnToolsVersion = 13.0;
						LastSwiftMigration = 1300;
					};
				};
			};
			buildConfigurationList = 33E8F81226E3B374009CC65D /* Build configuration list for PBXProject "Actomaton-Gallery" */;
			compatibilityVersion = "Xcode 13.0";
			developmentRegion = en;
			hasScannedForEncodings = 0;
			knownRegions = (
				en,
				Base,
			);
			mainGroup = 33E8F80E26E3B374009CC65D;
			packageReferences = (
			);
			productRefGroup = 33E8F81826E3B374009CC65D /* Products */;
			projectDirPath = "";
			projectRoot = "";
			targets = (
				33E8F81626E3B374009CC65D /* Actomaton-Gallery */,
			);
		};
/* End PBXProject section */

/* Begin PBXResourcesBuildPhase section */
		33E8F81526E3B374009CC65D /* Resources */ = {
			isa = PBXResourcesBuildPhase;
			buildActionMask = 2147483647;
			files = (
				33E8F82226E3B375009CC65D /* Preview Assets.xcassets in Resources */,
				33E8F81F26E3B375009CC65D /* Assets.xcassets in Resources */,
			);
			runOnlyForDeploymentPostprocessing = 0;
		};
/* End PBXResourcesBuildPhase section */

/* Begin PBXSourcesBuildPhase section */
		33E8F81326E3B374009CC65D /* Sources */ = {
			isa = PBXSourcesBuildPhase;
			buildActionMask = 2147483647;
			files = (
				3326431B26E4057D00438A10 /* Root.swift in Sources */,
				339F821026FA23E3006809CE /* VideoDetectorExample.swift in Sources */,
				3326433E26E4094200438A10 /* AppView.swift in Sources */,
				3341066226EC80590032CEDA /* StopwatchExample.swift in Sources */,
				3326433F26E4094200438A10 /* RootEnvironment.swift in Sources */,
				3326431C26E4057D00438A10 /* RootView.swift in Sources */,
				3341066526EC80590032CEDA /* StateDiagramExample.swift in Sources */,
				33C8526426ECF13400F3EB94 /* GameOfLifeExample.swift in Sources */,
				338DC23326FC508500C38587 /* ColorFilterExample.swift in Sources */,
				3341066326EC80590032CEDA /* GitHubExample.swift in Sources */,
				331E1FE126ED20A000719530 /* TestAppView.swift in Sources */,
				3341066426EC80590032CEDA /* CounterExample.swift in Sources */,
				332642E726E4056F00438A10 /* DemoApp.swift in Sources */,
				3341066726EC80590032CEDA /* ExampleList.swift in Sources */,
				3326432826E4057D00438A10 /* Root.State.Current.swift in Sources */,
				3326433426E4057D00438A10 /* SwiftUI+Helper.swift in Sources */,
				3341066626EC80590032CEDA /* TodoExample.swift in Sources */,
				3341066126EC80590032CEDA /* Example.swift in Sources */,
			);
			runOnlyForDeploymentPostprocessing = 0;
		};
/* End PBXSourcesBuildPhase section */

/* Begin XCBuildConfiguration section */
		33E8F82326E3B375009CC65D /* Debug */ = {
			isa = XCBuildConfiguration;
			buildSettings = {
				ALWAYS_SEARCH_USER_PATHS = NO;
				CLANG_ANALYZER_NONNULL = YES;
				CLANG_ANALYZER_NUMBER_OBJECT_CONVERSION = YES_AGGRESSIVE;
				CLANG_CXX_LANGUAGE_STANDARD = "gnu++17";
				CLANG_CXX_LIBRARY = "libc++";
				CLANG_ENABLE_MODULES = YES;
				CLANG_ENABLE_OBJC_ARC = YES;
				CLANG_ENABLE_OBJC_WEAK = YES;
				CLANG_WARN_BLOCK_CAPTURE_AUTORELEASING = YES;
				CLANG_WARN_BOOL_CONVERSION = YES;
				CLANG_WARN_COMMA = YES;
				CLANG_WARN_CONSTANT_CONVERSION = YES;
				CLANG_WARN_DEPRECATED_OBJC_IMPLEMENTATIONS = YES;
				CLANG_WARN_DIRECT_OBJC_ISA_USAGE = YES_ERROR;
				CLANG_WARN_DOCUMENTATION_COMMENTS = YES;
				CLANG_WARN_EMPTY_BODY = YES;
				CLANG_WARN_ENUM_CONVERSION = YES;
				CLANG_WARN_INFINITE_RECURSION = YES;
				CLANG_WARN_INT_CONVERSION = YES;
				CLANG_WARN_NON_LITERAL_NULL_CONVERSION = YES;
				CLANG_WARN_OBJC_IMPLICIT_RETAIN_SELF = YES;
				CLANG_WARN_OBJC_LITERAL_CONVERSION = YES;
				CLANG_WARN_OBJC_ROOT_CLASS = YES_ERROR;
				CLANG_WARN_QUOTED_INCLUDE_IN_FRAMEWORK_HEADER = YES;
				CLANG_WARN_RANGE_LOOP_ANALYSIS = YES;
				CLANG_WARN_STRICT_PROTOTYPES = YES;
				CLANG_WARN_SUSPICIOUS_MOVE = YES;
				CLANG_WARN_UNGUARDED_AVAILABILITY = YES_AGGRESSIVE;
				CLANG_WARN_UNREACHABLE_CODE = YES;
				CLANG_WARN__DUPLICATE_METHOD_MATCH = YES;
				COPY_PHASE_STRIP = NO;
				DEBUG_INFORMATION_FORMAT = dwarf;
				ENABLE_STRICT_OBJC_MSGSEND = YES;
				ENABLE_TESTABILITY = YES;
				GCC_C_LANGUAGE_STANDARD = gnu11;
				GCC_DYNAMIC_NO_PIC = NO;
				GCC_NO_COMMON_BLOCKS = YES;
				GCC_OPTIMIZATION_LEVEL = 0;
				GCC_PREPROCESSOR_DEFINITIONS = (
					"DEBUG=1",
					"$(inherited)",
				);
				GCC_WARN_64_TO_32_BIT_CONVERSION = YES;
				GCC_WARN_ABOUT_RETURN_TYPE = YES_ERROR;
				GCC_WARN_UNDECLARED_SELECTOR = YES;
				GCC_WARN_UNINITIALIZED_AUTOS = YES_AGGRESSIVE;
				GCC_WARN_UNUSED_FUNCTION = YES;
				GCC_WARN_UNUSED_VARIABLE = YES;
				IPHONEOS_DEPLOYMENT_TARGET = 15.0;
				MTL_ENABLE_DEBUG_INFO = INCLUDE_SOURCE;
				MTL_FAST_MATH = YES;
				ONLY_ACTIVE_ARCH = YES;
				SDKROOT = iphoneos;
				SWIFT_ACTIVE_COMPILATION_CONDITIONS = DEBUG;
				SWIFT_OPTIMIZATION_LEVEL = "-Onone";
			};
			name = Debug;
		};
		33E8F82426E3B375009CC65D /* Release */ = {
			isa = XCBuildConfiguration;
			buildSettings = {
				ALWAYS_SEARCH_USER_PATHS = NO;
				CLANG_ANALYZER_NONNULL = YES;
				CLANG_ANALYZER_NUMBER_OBJECT_CONVERSION = YES_AGGRESSIVE;
				CLANG_CXX_LANGUAGE_STANDARD = "gnu++17";
				CLANG_CXX_LIBRARY = "libc++";
				CLANG_ENABLE_MODULES = YES;
				CLANG_ENABLE_OBJC_ARC = YES;
				CLANG_ENABLE_OBJC_WEAK = YES;
				CLANG_WARN_BLOCK_CAPTURE_AUTORELEASING = YES;
				CLANG_WARN_BOOL_CONVERSION = YES;
				CLANG_WARN_COMMA = YES;
				CLANG_WARN_CONSTANT_CONVERSION = YES;
				CLANG_WARN_DEPRECATED_OBJC_IMPLEMENTATIONS = YES;
				CLANG_WARN_DIRECT_OBJC_ISA_USAGE = YES_ERROR;
				CLANG_WARN_DOCUMENTATION_COMMENTS = YES;
				CLANG_WARN_EMPTY_BODY = YES;
				CLANG_WARN_ENUM_CONVERSION = YES;
				CLANG_WARN_INFINITE_RECURSION = YES;
				CLANG_WARN_INT_CONVERSION = YES;
				CLANG_WARN_NON_LITERAL_NULL_CONVERSION = YES;
				CLANG_WARN_OBJC_IMPLICIT_RETAIN_SELF = YES;
				CLANG_WARN_OBJC_LITERAL_CONVERSION = YES;
				CLANG_WARN_OBJC_ROOT_CLASS = YES_ERROR;
				CLANG_WARN_QUOTED_INCLUDE_IN_FRAMEWORK_HEADER = YES;
				CLANG_WARN_RANGE_LOOP_ANALYSIS = YES;
				CLANG_WARN_STRICT_PROTOTYPES = YES;
				CLANG_WARN_SUSPICIOUS_MOVE = YES;
				CLANG_WARN_UNGUARDED_AVAILABILITY = YES_AGGRESSIVE;
				CLANG_WARN_UNREACHABLE_CODE = YES;
				CLANG_WARN__DUPLICATE_METHOD_MATCH = YES;
				COPY_PHASE_STRIP = NO;
				DEBUG_INFORMATION_FORMAT = "dwarf-with-dsym";
				ENABLE_NS_ASSERTIONS = NO;
				ENABLE_STRICT_OBJC_MSGSEND = YES;
				GCC_C_LANGUAGE_STANDARD = gnu11;
				GCC_NO_COMMON_BLOCKS = YES;
				GCC_WARN_64_TO_32_BIT_CONVERSION = YES;
				GCC_WARN_ABOUT_RETURN_TYPE = YES_ERROR;
				GCC_WARN_UNDECLARED_SELECTOR = YES;
				GCC_WARN_UNINITIALIZED_AUTOS = YES_AGGRESSIVE;
				GCC_WARN_UNUSED_FUNCTION = YES;
				GCC_WARN_UNUSED_VARIABLE = YES;
				IPHONEOS_DEPLOYMENT_TARGET = 15.0;
				MTL_ENABLE_DEBUG_INFO = NO;
				MTL_FAST_MATH = YES;
				SDKROOT = iphoneos;
				SWIFT_COMPILATION_MODE = wholemodule;
				SWIFT_OPTIMIZATION_LEVEL = "-O";
				VALIDATE_PRODUCT = YES;
			};
			name = Release;
		};
		33E8F82626E3B375009CC65D /* Debug */ = {
			isa = XCBuildConfiguration;
			buildSettings = {
				ASSETCATALOG_COMPILER_APPICON_NAME = AppIcon;
				ASSETCATALOG_COMPILER_GLOBAL_ACCENT_COLOR_NAME = AccentColor;
				CLANG_ENABLE_MODULES = YES;
				CODE_SIGN_IDENTITY = "Apple Development";
				CODE_SIGN_STYLE = Automatic;
				CURRENT_PROJECT_VERSION = 1;
				DEVELOPMENT_ASSET_PATHS = "\"Actomaton-Gallery/Preview Content\"";
				DEVELOPMENT_TEAM = UMBZ5WL247;
				ENABLE_PREVIEWS = YES;
				GENERATE_INFOPLIST_FILE = YES;
				INFOPLIST_KEY_NSCameraUsageDescription = "Uses Camera";
				INFOPLIST_KEY_UIApplicationSceneManifest_Generation = YES;
				INFOPLIST_KEY_UIApplicationSupportsIndirectInputEvents = YES;
				INFOPLIST_KEY_UILaunchScreen_Generation = YES;
				INFOPLIST_KEY_UISupportedInterfaceOrientations_iPad = "UIInterfaceOrientationPortrait UIInterfaceOrientationPortraitUpsideDown UIInterfaceOrientationLandscapeLeft UIInterfaceOrientationLandscapeRight";
				INFOPLIST_KEY_UISupportedInterfaceOrientations_iPhone = "UIInterfaceOrientationPortrait UIInterfaceOrientationLandscapeLeft UIInterfaceOrientationLandscapeRight";
				IPHONEOS_DEPLOYMENT_TARGET = 15.0;
				LD_RUNPATH_SEARCH_PATHS = (
					"$(inherited)",
					"@executable_path/Frameworks",
				);
				MARKETING_VERSION = 1.0;
				PRODUCT_BUNDLE_IDENTIFIER = "com.inamiy.Actomaton-Gallery";
				PRODUCT_NAME = "$(TARGET_NAME)";
				PROVISIONING_PROFILE_SPECIFIER = "";
				SWIFT_EMIT_LOC_STRINGS = YES;
				SWIFT_OPTIMIZATION_LEVEL = "-Onone";
				SWIFT_VERSION = 5.0;
				TARGETED_DEVICE_FAMILY = "1,2";
			};
			name = Debug;
		};
		33E8F82726E3B375009CC65D /* Release */ = {
			isa = XCBuildConfiguration;
			buildSettings = {
				ASSETCATALOG_COMPILER_APPICON_NAME = AppIcon;
				ASSETCATALOG_COMPILER_GLOBAL_ACCENT_COLOR_NAME = AccentColor;
				CLANG_ENABLE_MODULES = YES;
				CODE_SIGN_IDENTITY = "Apple Development";
				CODE_SIGN_STYLE = Automatic;
				CURRENT_PROJECT_VERSION = 1;
				DEVELOPMENT_ASSET_PATHS = "\"Actomaton-Gallery/Preview Content\"";
				DEVELOPMENT_TEAM = UMBZ5WL247;
				ENABLE_PREVIEWS = YES;
				GENERATE_INFOPLIST_FILE = YES;
				INFOPLIST_KEY_NSCameraUsageDescription = "Uses Camera";
				INFOPLIST_KEY_UIApplicationSceneManifest_Generation = YES;
				INFOPLIST_KEY_UIApplicationSupportsIndirectInputEvents = YES;
				INFOPLIST_KEY_UILaunchScreen_Generation = YES;
				INFOPLIST_KEY_UISupportedInterfaceOrientations_iPad = "UIInterfaceOrientationPortrait UIInterfaceOrientationPortraitUpsideDown UIInterfaceOrientationLandscapeLeft UIInterfaceOrientationLandscapeRight";
				INFOPLIST_KEY_UISupportedInterfaceOrientations_iPhone = "UIInterfaceOrientationPortrait UIInterfaceOrientationLandscapeLeft UIInterfaceOrientationLandscapeRight";
				IPHONEOS_DEPLOYMENT_TARGET = 15.0;
				LD_RUNPATH_SEARCH_PATHS = (
					"$(inherited)",
					"@executable_path/Frameworks",
				);
				MARKETING_VERSION = 1.0;
				PRODUCT_BUNDLE_IDENTIFIER = "com.inamiy.Actomaton-Gallery";
				PRODUCT_NAME = "$(TARGET_NAME)";
				PROVISIONING_PROFILE_SPECIFIER = "";
				SWIFT_EMIT_LOC_STRINGS = YES;
				SWIFT_VERSION = 5.0;
				TARGETED_DEVICE_FAMILY = "1,2";
			};
			name = Release;
		};
/* End XCBuildConfiguration section */

/* Begin XCConfigurationList section */
		33E8F81226E3B374009CC65D /* Build configuration list for PBXProject "Actomaton-Gallery" */ = {
			isa = XCConfigurationList;
			buildConfigurations = (
				33E8F82326E3B375009CC65D /* Debug */,
				33E8F82426E3B375009CC65D /* Release */,
			);
			defaultConfigurationIsVisible = 0;
			defaultConfigurationName = Release;
		};
		33E8F82526E3B375009CC65D /* Build configuration list for PBXNativeTarget "Actomaton-Gallery" */ = {
			isa = XCConfigurationList;
			buildConfigurations = (
				33E8F82626E3B375009CC65D /* Debug */,
				33E8F82726E3B375009CC65D /* Release */,
			);
			defaultConfigurationIsVisible = 0;
			defaultConfigurationName = Release;
		};
/* End XCConfigurationList section */

/* Begin XCSwiftPackageProductDependency section */
		339F821A26FA3A37006809CE /* Gallery */ = {
			isa = XCSwiftPackageProductDependency;
			productName = Gallery;
		};
/* End XCSwiftPackageProductDependency section */
	};
	rootObject = 33E8F80F26E3B374009CC65D /* Project object */;
}
