{
  "pins" : [
    {
      "identity" : "actomaton",
      "kind" : "remoteSourceControl",
      "location" : "https://github.com/Actomaton/Actomaton",
      "state" : {
        "branch" : "main",
        "revision" : "bb5353518e687a4cc163bb4f4328806425dc9146"
      }
    },
    {
      "identity" : "avfoundation-combine",
      "kind" : "remoteSourceControl",
      "location" : "https://github.com/inamiy/AVFoundation-Combine",
      "state" : {
        "branch" : "main",
        "revision" : "637ba786561616297554365d12402414d5024335"
      }
    },
    {
      "identity" : "combinecocoa",
      "kind" : "remoteSourceControl",
      "location" : "https://github.com/CombineCommunity/CombineCocoa",
      "state" : {
        "revision" : "4e262c2f9fb1cee1cb3be5717f7e6b55eb823971",
        "version" : "0.4.0"
      }
    },
    {
      "identity" : "orientationkit",
      "kind" : "remoteSourceControl",
      "location" : "https://github.com/inamiy/OrientationKit",
      "state" : {
        "revision" : "0341a47ce116cf6a25a164981ecb1de28f06ea53",
        "version" : "0.2.0"
      }
    },
    {
      "identity" : "swift-case-paths",
      "kind" : "remoteSourceControl",
      "location" : "https://github.com/pointfreeco/swift-case-paths",
      "state" : {
        "revision" : "bb436421f57269fbcfe7360735985321585a86e5",
        "version" : "0.10.1"
      }
    },
    {
      "identity" : "swift-clocks",
      "kind" : "remoteSourceControl",
      "location" : "https://github.com/pointfreeco/swift-clocks",
      "state" : {
        "revision" : "cc46202b53476d64e824e0b6612da09d84ffde8e",
        "version" : "1.0.6"
      }
    },
    {
      "identity" : "swift-concurrency-extras",
      "kind" : "remoteSourceControl",
      "location" : "https://github.com/pointfreeco/swift-concurrency-extras",
      "state" : {
        "revision" : "5a3825302b1a0d744183200915a47b508c828e6f",
        "version" : "1.3.2"
      }
    },
    {
      "identity" : "swift-custom-dump",
      "kind" : "remoteSourceControl",
      "location" : "https://github.com/pointfreeco/swift-custom-dump",
      "state" : {
        "revision" : "06c57924455064182d6b217f06ebc05d00cb2990",
        "version" : "1.5.0"
      }
    },
    {
      "identity" : "swiftui-photopicker",
      "kind" : "remoteSourceControl",
      "location" : "https://github.com/inamiy/SwiftUI-PhotoPicker",
      "state" : {
        "branch" : "main",
        "revision" : "7fa6cc560e9c48dca41de152686ebd572eb88edf"
      }
    },
    {
      "identity" : "vectormath",
      "kind" : "remoteSourceControl",
      "location" : "https://github.com/nicklockwood/VectorMath",
      "state" : {
        "revision" : "2de2585f455dc8e15d642ca51b29b1917e68fd1e",
        "version" : "0.4.1"
      }
    },
    {
      "identity" : "xctest-dynamic-overlay",
      "kind" : "remoteSourceControl",
      "location" : "https://github.com/pointfreeco/xctest-dynamic-overlay",
      "state" : {
        "revision" : "dfd70507def84cb5fb821278448a262c6ff2bbad",
        "version" : "1.9.0"
      }
    }
  ],
  "version" : 2
}
